# This file was autogenerated by Stack.
# You should not edit this file by hand.
# For more information, please see the documentation at:
#   https://docs.haskellstack.org/en/stable/lock_files

packages: []
snapshots:
- completed:
    sha256: 5534407e1313da2872e0d76a8fe893a1f60b51366672249704cc17b1f3cc65cc
    size: 651868
    url: https://raw.githubusercontent.com/commercialhaskell/stackage-snapshots/master/nightly/2024/7/5.yaml
  original: nightly-2024-07-05
