# This file was autogenerated by Stack.
# You should not edit this file by hand.
# For more information, please see the documentation at:
#   https://docs.haskellstack.org/en/stable/topics/lock_files

packages:
- completed:
    hackage: tasty-1.5.3@sha256:9d56ea9dbc274fc853fc531373b2c91bfe360e21460c2c6a5838897d86e3f6d0,2923
    pantry-tree:
      sha256: 3f4655ce81d6b50d9293ee3b2b15e1608e9b18b886d3463bb66c34a3a7c302f6
      size: 1944
  original:
    hackage: tasty-1.5.3@sha256:9d56ea9dbc274fc853fc531373b2c91bfe360e21460c2c6a5838897d86e3f6d0,2923
snapshots:
- completed:
    sha256: 5a59b2a405b3aba3c00188453be172b85893cab8ebc352b1ef58b0eae5d248a2
    size: 650475
    url: https://raw.githubusercontent.com/commercialhaskell/stackage-snapshots/master/lts/20/26.yaml
  original: lts-20.26
