# This file was autogenerated by Stack.
# You should not edit this file by hand.
# For more information, please see the documentation at:
#   https://docs.haskellstack.org/en/stable/topics/lock_files

packages:
- completed:
    hackage: mcp-server-0.2.0.1@sha256:7b09ac83c868f7a5b453aefd68c769e9cac5c5b60a0bac3cc418df1ba9587945,6795
    pantry-tree:
      sha256: 9f3773f7067eefd89a58954150ebff2a538a9d1f825dfd0515b0cd9b48981cac
      size: 7850
  original:
    hackage: mcp-server-0.2.0.1@sha256:7b09ac83c868f7a5b453aefd68c769e9cac5c5b60a0bac3cc418df1ba9587945,6795
snapshots:
- completed:
    sha256: 74b41f766415e985473d1e27befeb0394ed62f95295da1ec630a48ba84751c1c
    size: 732689
    url: https://raw.githubusercontent.com/commercialhaskell/stackage-snapshots/master/lts/24/52.yaml
  original: lts-24.52
