# This file was autogenerated by Stack.
# You should not edit this file by hand.
# For more information, please see the documentation at:
#   https://docs.haskellstack.org/en/stable/lock_files

packages: []
snapshots:
- completed:
    sha256: 5f216170d80ac73e004424650f7ccd39e0ec2c8fafe680b994971e5c1563925c
    size: 678011
    url: https://raw.githubusercontent.com/commercialhaskell/stackage-snapshots/master/nightly/2024/11/9.yaml
  original: nightly-2024-11-09
