# This file was autogenerated by Stack.
# You should not edit this file by hand.
# For more information, please see the documentation at:
#   https://docs.haskellstack.org/en/stable/topics/lock_files

packages:
- completed:
    hackage: tasty-1.5.4@sha256:49f8307d78c7d6b1959d4448152858efe102ca5e9b289be082b9bf221e798084,2759
    pantry-tree:
      sha256: d9479e14b5686d64d38c6bf9fe12a13c0f368a9af4b5e35e4aafa39e160d2ab0
      size: 1944
  original:
    hackage: tasty-1.5.4@sha256:49f8307d78c7d6b1959d4448152858efe102ca5e9b289be082b9bf221e798084,2759
- completed:
    hackage: mcp-server-0.2.0.1@sha256:7b09ac83c868f7a5b453aefd68c769e9cac5c5b60a0bac3cc418df1ba9587945,6795
    pantry-tree:
      sha256: 9f3773f7067eefd89a58954150ebff2a538a9d1f825dfd0515b0cd9b48981cac
      size: 7850
  original:
    hackage: mcp-server-0.2.0.1@sha256:7b09ac83c868f7a5b453aefd68c769e9cac5c5b60a0bac3cc418df1ba9587945,6795
- completed:
    hackage: http-types-0.12.5@sha256:cb708ff8d2001dc7bcff615350a835a6dc1b2488829acfcc6d8bc7e13d423153,2927
    pantry-tree:
      sha256: 965919723c06fdbf823a194da320717219f080da390516d76e842287ddecac99
      size: 1379
  original:
    hackage: http-types-0.12.5@sha256:cb708ff8d2001dc7bcff615350a835a6dc1b2488829acfcc6d8bc7e13d423153,2927
snapshots:
- completed:
    sha256: 238fa745b64f91184f9aa518fe04bdde6552533d169b0da5256670df83a0f1a9
    size: 721141
    url: https://raw.githubusercontent.com/commercialhaskell/stackage-snapshots/master/lts/22/44.yaml
  original: lts-22.44
